
Microsoft Visual Studio Solution File, Format Version 12.00
# Visual Studio Version 17
VisualStudioVersion = 17.0.32112.339
MinimumVisualStudioVersion = 10.0.40219.1
Project("{8BC9CEB8-8B4A-11D0-8D11-00A0C91BC942}") = "YYToolkit", "YYToolkit\YYToolkit.vcxproj", "{F1BD3DF9-C309-4B62-9A9A-4A5ECCA6A5DB}"
EndProject
Project("{8BC9CEB8-8B4A-11D0-8D11-00A0C91BC942}") = "ExamplePlugin", "ExamplePlugin\ExamplePlugin.vcxproj", "{755A11F6-04B7-4E0D-B321-6F567F4769BE}"
EndProject
Project("{8BC9CEB8-8B4A-11D0-8D11-00A0C91BC942}") = "InfiniteHealth", "InfiniteHealth\InfiniteHealth.vcxproj", "{45B841F9-5041-453D-90CA-BC6E5AC7586C}"
EndProject
Project("{8BC9CEB8-8B4A-11D0-8D11-00A0C91BC942}") = "DontStarve", "DontStarve\DontStarve.vcxproj", "{580BBB8C-00B5-45EA-877D-748643FE8169}"
EndProject
Project("{8BC9CEB8-8B4A-11D0-8D11-00A0C91BC942}") = "Telepop", "Telepop\Telepop.vcxproj", "{4AEB7505-187E-4CC6-9BB0-A59EB42074AD}"
EndProject
Project("{8BC9CEB8-8B4A-11D0-8D11-00A0C91BC942}") = "Zoomies", "Zoomies\Zoomies.vcxproj", "{A8486853-6491-4BDF-9F90-B5E0D9E85A31}"
EndProject
Project("{8BC9CEB8-8B4A-11D0-8D11-00A0C91BC942}") = "ZoomControl", "ZoomControl\ZoomControl.vcxproj", "{B892D491-9D0C-46AC-A8BF-907B52C3A7F9}"
EndProject
Project("{8BC9CEB8-8B4A-11D0-8D11-00A0C91BC942}") = "WorkHard", "WorkHard\WorkHard.vcxproj", "{88325F8A-DE67-4703-92F5-96DD96DB1443}"
EndProject
Project("{8BC9CEB8-8B4A-11D0-8D11-00A0C91BC942}") = "SaveAnywhere", "SaveAnywhere\SaveAnywhere.vcxproj", "{740B0F12-DFBB-48A7-A69A-CB7D6C43FB9F}"
EndProject
Global
	GlobalSection(SolutionConfigurationPlatforms) = preSolution
		Debug|x64 = Debug|x64
		Debug|x86 = Debug|x86
		Release|x64 = Release|x64
		Release|x86 = Release|x86
	EndGlobalSection
	GlobalSection(ProjectConfigurationPlatforms) = postSolution
		{F1BD3DF9-C309-4B62-9A9A-4A5ECCA6A5DB}.Debug|x64.ActiveCfg = Debug|x64
		{F1BD3DF9-C309-4B62-9A9A-4A5ECCA6A5DB}.Debug|x64.Build.0 = Debug|x64
		{F1BD3DF9-C309-4B62-9A9A-4A5ECCA6A5DB}.Debug|x86.ActiveCfg = Debug|Win32
		{F1BD3DF9-C309-4B62-9A9A-4A5ECCA6A5DB}.Debug|x86.Build.0 = Debug|Win32
		{F1BD3DF9-C309-4B62-9A9A-4A5ECCA6A5DB}.Release|x64.ActiveCfg = Release|x64
		{F1BD3DF9-C309-4B62-9A9A-4A5ECCA6A5DB}.Release|x64.Build.0 = Release|x64
		{F1BD3DF9-C309-4B62-9A9A-4A5ECCA6A5DB}.Release|x86.ActiveCfg = Release|Win32
		{F1BD3DF9-C309-4B62-9A9A-4A5ECCA6A5DB}.Release|x86.Build.0 = Release|Win32
		{755A11F6-04B7-4E0D-B321-6F567F4769BE}.Debug|x64.ActiveCfg = Debug|x64
		{755A11F6-04B7-4E0D-B321-6F567F4769BE}.Debug|x64.Build.0 = Debug|x64
		{755A11F6-04B7-4E0D-B321-6F567F4769BE}.Debug|x86.ActiveCfg = Debug|Win32
		{755A11F6-04B7-4E0D-B321-6F567F4769BE}.Debug|x86.Build.0 = Debug|Win32
		{755A11F6-04B7-4E0D-B321-6F567F4769BE}.Release|x64.ActiveCfg = Release|x64
		{755A11F6-04B7-4E0D-B321-6F567F4769BE}.Release|x64.Build.0 = Release|x64
		{755A11F6-04B7-4E0D-B321-6F567F4769BE}.Release|x86.ActiveCfg = Release|Win32
		{755A11F6-04B7-4E0D-B321-6F567F4769BE}.Release|x86.Build.0 = Release|Win32
		{45B841F9-5041-453D-90CA-BC6E5AC7586C}.Debug|x64.ActiveCfg = Debug|x64
		{45B841F9-5041-453D-90CA-BC6E5AC7586C}.Debug|x64.Build.0 = Debug|x64
		{45B841F9-5041-453D-90CA-BC6E5AC7586C}.Debug|x86.ActiveCfg = Debug|Win32
		{45B841F9-5041-453D-90CA-BC6E5AC7586C}.Debug|x86.Build.0 = Debug|Win32
		{45B841F9-5041-453D-90CA-BC6E5AC7586C}.Release|x64.ActiveCfg = Release|x64
		{45B841F9-5041-453D-90CA-BC6E5AC7586C}.Release|x64.Build.0 = Release|x64
		{45B841F9-5041-453D-90CA-BC6E5AC7586C}.Release|x86.ActiveCfg = Release|Win32
		{45B841F9-5041-453D-90CA-BC6E5AC7586C}.Release|x86.Build.0 = Release|Win32
		{580BBB8C-00B5-45EA-877D-748643FE8169}.Debug|x64.ActiveCfg = Debug|x64
		{580BBB8C-00B5-45EA-877D-748643FE8169}.Debug|x64.Build.0 = Debug|x64
		{580BBB8C-00B5-45EA-877D-748643FE8169}.Debug|x86.ActiveCfg = Debug|Win32
		{580BBB8C-00B5-45EA-877D-748643FE8169}.Debug|x86.Build.0 = Debug|Win32
		{580BBB8C-00B5-45EA-877D-748643FE8169}.Release|x64.ActiveCfg = Release|x64
		{580BBB8C-00B5-45EA-877D-748643FE8169}.Release|x64.Build.0 = Release|x64
		{580BBB8C-00B5-45EA-877D-748643FE8169}.Release|x86.ActiveCfg = Release|Win32
		{580BBB8C-00B5-45EA-877D-748643FE8169}.Release|x86.Build.0 = Release|Win32
		{4AEB7505-187E-4CC6-9BB0-A59EB42074AD}.Debug|x64.ActiveCfg = Debug|x64
		{4AEB7505-187E-4CC6-9BB0-A59EB42074AD}.Debug|x64.Build.0 = Debug|x64
		{4AEB7505-187E-4CC6-9BB0-A59EB42074AD}.Debug|x86.ActiveCfg = Debug|Win32
		{4AEB7505-187E-4CC6-9BB0-A59EB42074AD}.Debug|x86.Build.0 = Debug|Win32
		{4AEB7505-187E-4CC6-9BB0-A59EB42074AD}.Release|x64.ActiveCfg = Release|x64
		{4AEB7505-187E-4CC6-9BB0-A59EB42074AD}.Release|x64.Build.0 = Release|x64
		{4AEB7505-187E-4CC6-9BB0-A59EB42074AD}.Release|x86.ActiveCfg = Release|Win32
		{4AEB7505-187E-4CC6-9BB0-A59EB42074AD}.Release|x86.Build.0 = Release|Win32
		{A8486853-6491-4BDF-9F90-B5E0D9E85A31}.Debug|x64.ActiveCfg = Debug|x64
		{A8486853-6491-4BDF-9F90-B5E0D9E85A31}.Debug|x64.Build.0 = Debug|x64
		{A8486853-6491-4BDF-9F90-B5E0D9E85A31}.Debug|x86.ActiveCfg = Debug|Win32
		{A8486853-6491-4BDF-9F90-B5E0D9E85A31}.Debug|x86.Build.0 = Debug|Win32
		{A8486853-6491-4BDF-9F90-B5E0D9E85A31}.Release|x64.ActiveCfg = Release|x64
		{A8486853-6491-4BDF-9F90-B5E0D9E85A31}.Release|x64.Build.0 = Release|x64
		{A8486853-6491-4BDF-9F90-B5E0D9E85A31}.Release|x86.ActiveCfg = Release|Win32
		{A8486853-6491-4BDF-9F90-B5E0D9E85A31}.Release|x86.Build.0 = Release|Win32
		{B892D491-9D0C-46AC-A8BF-907B52C3A7F9}.Debug|x64.ActiveCfg = Debug|x64
		{B892D491-9D0C-46AC-A8BF-907B52C3A7F9}.Debug|x64.Build.0 = Debug|x64
		{B892D491-9D0C-46AC-A8BF-907B52C3A7F9}.Debug|x86.ActiveCfg = Debug|Win32
		{B892D491-9D0C-46AC-A8BF-907B52C3A7F9}.Debug|x86.Build.0 = Debug|Win32
		{B892D491-9D0C-46AC-A8BF-907B52C3A7F9}.Release|x64.ActiveCfg = Release|x64
		{B892D491-9D0C-46AC-A8BF-907B52C3A7F9}.Release|x64.Build.0 = Release|x64
		{B892D491-9D0C-46AC-A8BF-907B52C3A7F9}.Release|x86.ActiveCfg = Release|Win32
		{B892D491-9D0C-46AC-A8BF-907B52C3A7F9}.Release|x86.Build.0 = Release|Win32
		{88325F8A-DE67-4703-92F5-96DD96DB1443}.Debug|x64.ActiveCfg = Debug|x64
		{88325F8A-DE67-4703-92F5-96DD96DB1443}.Debug|x64.Build.0 = Debug|x64
		{88325F8A-DE67-4703-92F5-96DD96DB1443}.Debug|x86.ActiveCfg = Debug|Win32
		{88325F8A-DE67-4703-92F5-96DD96DB1443}.Debug|x86.Build.0 = Debug|Win32
		{88325F8A-DE67-4703-92F5-96DD96DB1443}.Release|x64.ActiveCfg = Release|x64
		{88325F8A-DE67-4703-92F5-96DD96DB1443}.Release|x64.Build.0 = Release|x64
		{88325F8A-DE67-4703-92F5-96DD96DB1443}.Release|x86.ActiveCfg = Release|Win32
		{88325F8A-DE67-4703-92F5-96DD96DB1443}.Release|x86.Build.0 = Release|Win32
		{740B0F12-DFBB-48A7-A69A-CB7D6C43FB9F}.Debug|x64.ActiveCfg = Debug|x64
		{740B0F12-DFBB-48A7-A69A-CB7D6C43FB9F}.Debug|x64.Build.0 = Debug|x64
		{740B0F12-DFBB-48A7-A69A-CB7D6C43FB9F}.Debug|x86.ActiveCfg = Debug|Win32
		{740B0F12-DFBB-48A7-A69A-CB7D6C43FB9F}.Debug|x86.Build.0 = Debug|Win32
		{740B0F12-DFBB-48A7-A69A-CB7D6C43FB9F}.Release|x64.ActiveCfg = Release|x64
		{740B0F12-DFBB-48A7-A69A-CB7D6C43FB9F}.Release|x64.Build.0 = Release|x64
		{740B0F12-DFBB-48A7-A69A-CB7D6C43FB9F}.Release|x86.ActiveCfg = Release|Win32
		{740B0F12-DFBB-48A7-A69A-CB7D6C43FB9F}.Release|x86.Build.0 = Release|Win32
	EndGlobalSection
	GlobalSection(SolutionProperties) = preSolution
		HideSolutionNode = FALSE
	EndGlobalSection
	GlobalSection(ExtensibilityGlobals) = postSolution
		SolutionGuid = {53338AA7-B595-491C-8B9E-9941223A0E32}
	EndGlobalSection
EndGlobal
